// !$*UTF8*$!
{
	archiveVersion = 1;
	classes = {
	};
	objectVersion = 56;
	objects = {

/* Begin PBXBuildFile section */
		A94BC7492AF91C7B009C2D05 /* DTLApp.swift in Sources */ = {isa = PBXBuildFile; fileRef = A94BC7482AF91C7B009C2D05 /* DTLApp.swift */; };
		A94BC74B2AF91C7B009C2D05 /* ContentView.swift in Sources */ = {isa = PBXBuildFile; fileRef = A94BC74A2AF91C7B009C2D05 /* ContentView.swift */; };
		A94BC74D2AF91C7C009C2D05 /* Assets.xcassets in Resources */ = {isa = PBXBuildFile; fileRef = A94BC74C2AF91C7C009C2D05 /* Assets.xcassets */; };
		A94BC7502AF91C7C009C2D05 /* Preview Assets.xcassets in Resources */ = {isa = PBXBuildFile; fileRef = A94BC74F2AF91C7C009C2D05 /* Preview Assets.xcassets */; };
		A94BC75A2AF91C7C009C2D05 /* DTLTests.swift in Sources */ = {isa = PBXBuildFile; fileRef = A94BC7592AF91C7C009C2D05 /* DTLTests.swift */; };
		A94BC7642AF91C7D009C2D05 /* DTLUITests.swift in Sources */ = {isa = PBXBuildFile; fileRef = A94BC7632AF91C7D009C2D05 /* DTLUITests.swift */; };
		A94BC7662AF91C7D009C2D05 /* DTLUITestsLaunchTests.swift in Sources */ = {isa = PBXBuildFile; fileRef = A94BC7652AF91C7D009C2D05 /* DTLUITestsLaunchTests.swift */; };
/* End PBXBuildFile section */

/* Begin PBXContainerItemProxy section */
		A94BC7562AF91C7C009C2D05 /* PBXContainerItemProxy */ = {
			isa = PBXContainerItemProxy;
			containerPortal = A94BC73D2AF91C7B009C2D05 /* Project object */;
			proxyType = 1;
			remoteGlobalIDString = A94BC7442AF91C7B009C2D05;
			remoteInfo = DTL;
		};
		A94BC7602AF91C7D009C2D05 /* PBXContainerItemProxy */ = {
			isa = PBXContainerItemProxy;
			containerPortal = A94BC73D2AF91C7B009C2D05 /* Project object */;
			proxyType = 1;
			remoteGlobalIDString = A94BC7442AF91C7B009C2D05;
			remoteInfo = DTL;
		};
/* End PBXContainerItemProxy section */

/* Begin PBXFileReference section */
		A94BC7452AF91C7B009C2D05 /* DTL.app */ = {isa = PBXFileReference; explicitFileType = wrapper.application; includeInIndex = 0; path = DTL.app; sourceTree = BUILT_PRODUCTS_DIR; };
		A94BC7482AF91C7B009C2D05 /* DTLApp.swift */ = {isa = PBXFileReference; lastKnownFileType = sourcecode.swift; path = DTLApp.swift; sourceTree = "<group>"; };
		A94BC74A2AF91C7B009C2D05 /* ContentView.swift */ = {isa = PBXFileReference; lastKnownFileType = sourcecode.swift; path = ContentView.swift; sourceTree = "<group>"; };
		A94BC74C2AF91C7C009C2D05 /* Assets.xcassets */ = {isa = PBXFileReference; lastKnownFileType = folder.assetcatalog; path = Assets.xcassets; sourceTree = "<group>"; };
		A94BC74F2AF91C7C009C2D05 /* Preview Assets.xcassets */ = {isa = PBXFileReference; lastKnownFileType = folder.assetcatalog; path = "Preview Assets.xcassets"; sourceTree = "<group>"; };
		A94BC7552AF91C7C009C2D05 /* DTLTests.xctest */ = {isa = PBXFileReference; explicitFileType = wrapper.cfbundle; includeInIndex = 0; path = DTLTests.xctest; sourceTree = BUILT_PRODUCTS_DIR; };
		A94BC7592AF91C7C009C2D05 /* DTLTests.swift */ = {isa = PBXFileReference; lastKnownFileType = sourcecode.swift; path = DTLTests.swift; sourceTree = "<group>"; };
		A94BC75F2AF91C7D009C2D05 /* DTLUITests.xctest */ = {isa = PBXFileReference; explicitFileType = wrapper.cfbundle; includeInIndex = 0; path = DTLUITests.xctest; sourceTree = BUILT_PRODUCTS_DIR; };
		A94BC7632AF91C7D009C2D05 /* DTLUITests.swift */ = {isa = PBXFileReference; lastKnownFileType = sourcecode.swift; path = DTLUITests.swift; sourceTree = "<group>"; };
		A94BC7652AF91C7D009C2D05 /* DTLUITestsLaunchTests.swift */ = {isa = PBXFileReference; lastKnownFileType = sourcecode.swift; path = DTLUITestsLaunchTests.swift; sourceTree = "<group>"; };
/* End PBXFileReference section */

/* Begin PBXFrameworksBuildPhase section */
		A94BC7422AF91C7B009C2D05 /* Frameworks */ = {
			isa = PBXFrameworksBuildPhase;
			buildActionMask = 2147483647;
			files = (
			);
			runOnlyForDeploymentPostprocessing = 0;
		};
		A94BC7522AF91C7C009C2D05 /* Frameworks */ = {
			isa = PBXFrameworksBuildPhase;
			buildActionMask = 2147483647;
			files = (
			);
			runOnlyForDeploymentPostprocessing = 0;
		};
		A94BC75C2AF91C7D009C2D05 /* Frameworks */ = {
			isa = PBXFrameworksBuildPhase;
			buildActionMask = 2147483647;
			files = (
			);
			runOnlyForDeploymentPostprocessing = 0;
		};
/* End PBXFrameworksBuildPhase section */

/* Begin PBXGroup section */
		A94BC73C2AF91C7B009C2D05 = {
			isa = PBXGroup;
			children = (
				A94BC7472AF91C7B009C2D05 /* DTL */,
				A94BC7582AF91C7C009C2D05 /* DTLTests */,
				A94BC7622AF91C7D009C2D05 /* DTLUITests */,
				A94BC7462AF91C7B009C2D05 /* Products */,
			);
			sourceTree = "<group>";
		};
		A94BC7462AF91C7B009C2D05 /* Products */ = {
			isa = PBXGroup;
			children = (
				A94BC7452AF91C7B009C2D05 /* DTL.app */,
				A94BC7552AF91C7C009C2D05 /* DTLTests.xctest */,
				A94BC75F2AF91C7D009C2D05 /* DTLUITests.xctest */,
			);
			name = Products;
			sourceTree = "<group>";
		};
		A94BC7472AF91C7B009C2D05 /* DTL */ = {
			isa = PBXGroup;
			children = (
				A94BC7482AF91C7B009C2D05 /* DTLApp.swift */,
				A94BC74A2AF91C7B009C2D05 /* ContentView.swift */,
				A94BC74C2AF91C7C009C2D05 /* Assets.xcassets */,
				A94BC74E2AF91C7C009C2D05 /* Preview Content */,
			);
			path = DTL;
			sourceTree = "<group>";
		};
		A94BC74E2AF91C7C009C2D05 /* Preview Content */ = {
			isa = PBXGroup;
			children = (
				A94BC74F2AF91C7C009C2D05 /* Preview Assets.xcassets */,
			);
			path = "Preview Content";
			sourceTree = "<group>";
		};
		A94BC7582AF91C7C009C2D05 /* DTLTests */ = {
			isa = PBXGroup;
			children = (
				A94BC7592AF91C7C009C2D05 /* DTLTests.swift */,
			);
			path = DTLTests;
			sourceTree = "<group>";
		};
		A94BC7622AF91C7D009C2D05 /* DTLUITests */ = {
			isa = PBXGroup;
			children = (
				A94BC7632AF91C7D009C2D05 /* DTLUITests.swift */,
				A94BC7652AF91C7D009C2D05 /* DTLUITestsLaunchTests.swift */,
			);
			path = DTLUITests;
			sourceTree = "<group>";
		};
/* End PBXGroup section */

/* Begin PBXNativeTarget section */
		A94BC7442AF91C7B009C2D05 /* DTL */ = {
			isa = PBXNativeTarget;
			buildConfigurationList = A94BC7692AF91C7D009C2D05 /* Build configuration list for PBXNativeTarget "DTL" */;
			buildPhases = (
				A94BC7412AF91C7B009C2D05 /* Sources */,
				A94BC7422AF91C7B009C2D05 /* Frameworks */,
				A94BC7432AF91C7B009C2D05 /* Resources */,
			);
			buildRules = (
			);
			dependencies = (
			);
			name = DTL;
			productName = DTL;
			productReference = A94BC7452AF91C7B009C2D05 /* DTL.app */;
			productType = "com.apple.product-type.application";
		};
		A94BC7542AF91C7C009C2D05 /* DTLTests */ = {
			isa = PBXNativeTarget;
			buildConfigurationList = A94BC76C2AF91C7D009C2D05 /* Build configuration list for PBXNativeTarget "DTLTests" */;
			buildPhases = (
				A94BC7512AF91C7C009C2D05 /* Sources */,
				A94BC7522AF91C7C009C2D05 /* Frameworks */,
				A94BC7532AF91C7C009C2D05 /* Resources */,
			);
			buildRules = (
			);
			dependencies = (
				A94BC7572AF91C7C009C2D05 /* PBXTargetDependency */,
			);
			name = DTLTests;
			productName = DTLTests;
			productReference = A94BC7552AF91C7C009C2D05 /* DTLTests.xctest */;
			productType = "com.apple.product-type.bundle.unit-test";
		};
		A94BC75E2AF91C7D009C2D05 /* DTLUITests */ = {
			isa = PBXNativeTarget;
			buildConfigurationList = A94BC76F2AF91C7D009C2D05 /* Build configuration list for PBXNativeTarget "DTLUITests" */;
			buildPhases = (
				A94BC75B2AF91C7D009C2D05 /* Sources */,
				A94BC75C2AF91C7D009C2D05 /* Frameworks */,
				A94BC75D2AF91C7D009C2D05 /* Resources */,
			);
			buildRules = (
			);
			dependencies = (
				A94BC7612AF91C7D009C2D05 /* PBXTargetDependency */,
			);
			name = DTLUITests;
			productName = DTLUITests;
			productReference = A94BC75F2AF91C7D009C2D05 /* DTLUITests.xctest */;
			productType = "com.apple.product-type.bundle.ui-testing";
		};
/* End PBXNativeTarget section */

/* Begin PBXProject section */
		A94BC73D2AF91C7B009C2D05 /* Project object */ = {
			isa = PBXProject;
			attributes = {
				BuildIndependentTargetsInParallel = 1;
				LastSwiftUpdateCheck = 1500;
				LastUpgradeCheck = 1500;
				TargetAttributes = {
					A94BC7442AF91C7B009C2D05 = {
						CreatedOnToolsVersion = 15.0.1;
					};
					A94BC7542AF91C7C009C2D05 = {
						CreatedOnToolsVersion = 15.0.1;
						TestTargetID = A94BC7442AF91C7B009C2D05;
					};
					A94BC75E2AF91C7D009C2D05 = {
						CreatedOnToolsVersion = 15.0.1;
						TestTargetID = A94BC7442AF91C7B009C2D05;
					};
				};
			};
			buildConfigurationList = A94BC7402AF91C7B009C2D05 /* Build configuration list for PBXProject "DTL" */;
			compatibilityVersion = "Xcode 14.0";
			developmentRegion = en;
			hasScannedForEncodings = 0;
			knownRegions = (
				en,
				Base,
			);
			mainGroup = A94BC73C2AF91C7B009C2D05;
			productRefGroup = A94BC7462AF91C7B009C2D05 /* Products */;
			projectDirPath = "";
			projectRoot = "";
			targets = (
				A94BC7442AF91C7B009C2D05 /* DTL */,
				A94BC7542AF91C7C009C2D05 /* DTLTests */,
				A94BC75E2AF91C7D009C2D05 /* DTLUITests */,
			);
		};
/* End PBXProject section */

/* Begin PBXResourcesBuildPhase section */
		A94BC7432AF91C7B009C2D05 /* Resources */ = {
			isa = PBXResourcesBuildPhase;
			buildActionMask = 2147483647;
			files = (
				A94BC7502AF91C7C009C2D05 /* Preview Assets.xcassets in Resources */,
				A94BC74D2AF91C7C009C2D05 /* Assets.xcassets in Resources */,
			);
			runOnlyForDeploymentPostprocessing = 0;
		};
		A94BC7532AF91C7C009C2D05 /* Resources */ = {
			isa = PBXResourcesBuildPhase;
			buildActionMask = 2147483647;
			files = (
			);
			runOnlyForDeploymentPostprocessing = 0;
		};
		A94BC75D2AF91C7D009C2D05 /* Resources */ = {
			isa = PBXResourcesBuildPhase;
			buildActionMask = 2147483647;
			files = (
			);
			runOnlyForDeploymentPostprocessing = 0;
		};
/* End PBXResourcesBuildPhase section */

/* Begin PBXSourcesBuildPhase section */
		A94BC7412AF91C7B009C2D05 /* Sources */ = {
			isa = PBXSourcesBuildPhase;
			buildActionMask = 2147483647;
			files = (
				A94BC74B2AF91C7B009C2D05 /* ContentView.swift in Sources */,
				A94BC7492AF91C7B009C2D05 /* DTLApp.swift in Sources */,
			);
			runOnlyForDeploymentPostprocessing = 0;
		};
		A94BC7512AF91C7C009C2D05 /* Sources */ = {
			isa = PBXSourcesBuildPhase;
			buildActionMask = 2147483647;
			files = (
				A94BC75A2AF91C7C009C2D05 /* DTLTests.swift in Sources */,
			);
			runOnlyForDeploymentPostprocessing = 0;
		};
		A94BC75B2AF91C7D009C2D05 /* Sources */ = {
			isa = PBXSourcesBuildPhase;
			buildActionMask = 2147483647;
			files = (
				A94BC7642AF91C7D009C2D05 /* DTLUITests.swift in Sources */,
				A94BC7662AF91C7D009C2D05 /* DTLUITestsLaunchTests.swift in Sources */,
			);
			runOnlyForDeploymentPostprocessing = 0;
		};
/* End PBXSourcesBuildPhase section */

/* Begin PBXTargetDependency section */
		A94BC7572AF91C7C009C2D05 /* PBXTargetDependency */ = {
			isa = PBXTargetDependency;
			target = A94BC7442AF91C7B009C2D05 /* DTL */;
			targetProxy = A94BC7562AF91C7C009C2D05 /* PBXContainerItemProxy */;
		};
		A94BC7612AF91C7D009C2D05 /* PBXTargetDependency */ = {
			isa = PBXTargetDependency;
			target = A94BC7442AF91C7B009C2D05 /* DTL */;
			targetProxy = A94BC7602AF91C7D009C2D05 /* PBXContainerItemProxy */;
		};
/* End PBXTargetDependency section */

/* Begin XCBuildConfiguration section */
		A94BC7672AF91C7D009C2D05 /* Debug */ = {
			isa = XCBuildConfiguration;
			buildSettings = {
				ALWAYS_SEARCH_USER_PATHS = NO;
				ASSETCATALOG_COMPILER_GENERATE_SWIFT_ASSET_SYMBOL_EXTENSIONS = YES;
				CLANG_ANALYZER_NONNULL = YES;
				CLANG_ANALYZER_NUMBER_OBJECT_CONVERSION = YES_AGGRESSIVE;
				CLANG_CXX_LANGUAGE_STANDARD = "gnu++20";
				CLANG_ENABLE_MODULES = YES;
				CLANG_ENABLE_OBJC_ARC = YES;
				CLANG_ENABLE_OBJC_WEAK = YES;
				CLANG_WARN_BLOCK_CAPTURE_AUTORELEASING = YES;
				CLANG_WARN_BOOL_CONVERSION = YES;
				CLANG_WARN_COMMA = YES;
				CLANG_WARN_CONSTANT_CONVERSION = YES;
				CLANG_WARN_DEPRECATED_OBJC_IMPLEMENTATIONS = YES;
				CLANG_WARN_DIRECT_OBJC_ISA_USAGE = YES_ERROR;
				CLANG_WARN_DOCUMENTATION_COMMENTS = YES;
				CLANG_WARN_EMPTY_BODY = YES;
				CLANG_WARN_ENUM_CONVERSION = YES;
				CLANG_WARN_INFINITE_RECURSION = YES;
				CLANG_WARN_INT_CONVERSION = YES;
				CLANG_WARN_NON_LITERAL_NULL_CONVERSION = YES;
				CLANG_WARN_OBJC_IMPLICIT_RETAIN_SELF = YES;
				CLANG_WARN_OBJC_LITERAL_CONVERSION = YES;
				CLANG_WARN_OBJC_ROOT_CLASS = YES_ERROR;
				CLANG_WARN_QUOTED_INCLUDE_IN_FRAMEWORK_HEADER = YES;
				CLANG_WARN_RANGE_LOOP_ANALYSIS = YES;
				CLANG_WARN_STRICT_PROTOTYPES = YES;
				CLANG_WARN_SUSPICIOUS_MOVE = YES;
				CLANG_WARN_UNGUARDED_AVAILABILITY = YES_AGGRESSIVE;
				CLANG_WARN_UNREACHABLE_CODE = YES;
				CLANG_WARN__DUPLICATE_METHOD_MATCH = YES;
				COPY_PHASE_STRIP = NO;
				DEBUG_INFORMATION_FORMAT = dwarf;
				ENABLE_STRICT_OBJC_MSGSEND = YES;
				ENABLE_TESTABILITY = YES;
				ENABLE_USER_SCRIPT_SANDBOXING = YES;
				GCC_C_LANGUAGE_STANDARD = gnu17;
				GCC_DYNAMIC_NO_PIC = NO;
				GCC_NO_COMMON_BLOCKS = YES;
				GCC_OPTIMIZATION_LEVEL = 0;
				GCC_PREPROCESSOR_DEFINITIONS = (
					"DEBUG=1",
					"$(inherited)",
				);
				GCC_WARN_64_TO_32_BIT_CONVERSION = YES;
				GCC_WARN_ABOUT_RETURN_TYPE = YES_ERROR;
				GCC_WARN_UNDECLARED_SELECTOR = YES;
				GCC_WARN_UNINITIALIZED_AUTOS = YES_AGGRESSIVE;
				GCC_WARN_UNUSED_FUNCTION = YES;
				GCC_WARN_UNUSED_VARIABLE = YES;
				IPHONEOS_DEPLOYMENT_TARGET = 17.0;
				LOCALIZATION_PREFERS_STRING_CATALOGS = YES;
				MTL_ENABLE_DEBUG_INFO = INCLUDE_SOURCE;
				MTL_FAST_MATH = YES;
				ONLY_ACTIVE_ARCH = YES;
				SDKROOT = iphoneos;
				SWIFT_ACTIVE_COMPILATION_CONDITIONS = "DEBUG $(inherited)";
				SWIFT_OPTIMIZATION_LEVEL = "-Onone";
			};
			name = Debug;
		};
		A94BC7682AF91C7D009C2D05 /* Release */ = {
			isa = XCBuildConfiguration;
			buildSettings = {
				ALWAYS_SEARCH_USER_PATHS = NO;
				ASSETCATALOG_COMPILER_GENERATE_SWIFT_ASSET_SYMBOL_EXTENSIONS = YES;
				CLANG_ANALYZER_NONNULL = YES;
				CLANG_ANALYZER_NUMBER_OBJECT_CONVERSION = YES_AGGRESSIVE;
				CLANG_CXX_LANGUAGE_STANDARD = "gnu++20";
				CLANG_ENABLE_MODULES = YES;
				CLANG_ENABLE_OBJC_ARC = YES;
				CLANG_ENABLE_OBJC_WEAK = YES;
				CLANG_WARN_BLOCK_CAPTURE_AUTORELEASING = YES;
				CLANG_WARN_BOOL_CONVERSION = YES;
				CLANG_WARN_COMMA = YES;
				CLANG_WARN_CONSTANT_CONVERSION = YES;
				CLANG_WARN_DEPRECATED_OBJC_IMPLEMENTATIONS = YES;
				CLANG_WARN_DIRECT_OBJC_ISA_USAGE = YES_ERROR;
				CLANG_WARN_DOCUMENTATION_COMMENTS = YES;
				CLANG_WARN_EMPTY_BODY = YES;
				CLANG_WARN_ENUM_CONVERSION = YES;
				CLANG_WARN_INFINITE_RECURSION = YES;
				CLANG_WARN_INT_CONVERSION = YES;
				CLANG_WARN_NON_LITERAL_NULL_CONVERSION = YES;
				CLANG_WARN_OBJC_IMPLICIT_RETAIN_SELF = YES;
				CLANG_WARN_OBJC_LITERAL_CONVERSION = YES;
				CLANG_WARN_OBJC_ROOT_CLASS = YES_ERROR;
				CLANG_WARN_QUOTED_INCLUDE_IN_FRAMEWORK_HEADER = YES;
				CLANG_WARN_RANGE_LOOP_ANALYSIS = YES;
				CLANG_WARN_STRICT_PROTOTYPES = YES;
				CLANG_WARN_SUSPICIOUS_MOVE = YES;
				CLANG_WARN_UNGUARDED_AVAILABILITY = YES_AGGRESSIVE;
				CLANG_WARN_UNREACHABLE_CODE = YES;
				CLANG_WARN__DUPLICATE_METHOD_MATCH = YES;
				COPY_PHASE_STRIP = NO;
				DEBUG_INFORMATION_FORMAT = "dwarf-with-dsym";
				ENABLE_NS_ASSERTIONS = NO;
				ENABLE_STRICT_OBJC_MSGSEND = YES;
				ENABLE_USER_SCRIPT_SANDBOXING = YES;
				GCC_C_LANGUAGE_STANDARD = gnu17;
				GCC_NO_COMMON_BLOCKS = YES;
				GCC_WARN_64_TO_32_BIT_CONVERSION = YES;
				GCC_WARN_ABOUT_RETURN_TYPE = YES_ERROR;
				GCC_WARN_UNDECLARED_SELECTOR = YES;
				GCC_WARN_UNINITIALIZED_AUTOS = YES_AGGRESSIVE;
				GCC_WARN_UNUSED_FUNCTION = YES;
				GCC_WARN_UNUSED_VARIABLE = YES;
				IPHONEOS_DEPLOYMENT_TARGET = 17.0;
				LOCALIZATION_PREFERS_STRING_CATALOGS = YES;
				MTL_ENABLE_DEBUG_INFO = NO;
				MTL_FAST_MATH = YES;
				SDKROOT = iphoneos;
				SWIFT_COMPILATION_MODE = wholemodule;
				VALIDATE_PRODUCT = YES;
			};
			name = Release;
		};
		A94BC76A2AF91C7D009C2D05 /* Debug */ = {
			isa = XCBuildConfiguration;
			buildSettings = {
				ASSETCATALOG_COMPILER_APPICON_NAME = AppIcon;
				ASSETCATALOG_COMPILER_GLOBAL_ACCENT_COLOR_NAME = AccentColor;
				CODE_SIGN_STYLE = Automatic;
				CURRENT_PROJECT_VERSION = 1;
				DEVELOPMENT_ASSET_PATHS = "\"DTL/Preview Content\"";
				DEVELOPMENT_TEAM = 5T7N8Z9JHB;
				ENABLE_PREVIEWS = YES;
				GENERATE_INFOPLIST_FILE = YES;
				INFOPLIST_KEY_UIApplicationSceneManifest_Generation = YES;
				INFOPLIST_KEY_UIApplicationSupportsIndirectInputEvents = YES;
				INFOPLIST_KEY_UILaunchScreen_Generation = YES;
				INFOPLIST_KEY_UISupportedInterfaceOrientations_iPad = "UIInterfaceOrientationPortrait UIInterfaceOrientationPortraitUpsideDown UIInterfaceOrientationLandscapeLeft UIInterfaceOrientationLandscapeRight";
				INFOPLIST_KEY_UISupportedInterfaceOrientations_iPhone = "UIInterfaceOrientationPortrait UIInterfaceOrientationLandscapeLeft UIInterfaceOrientationLandscapeRight";
				LD_RUNPATH_SEARCH_PATHS = (
					"$(inherited)",
					"@executable_path/Frameworks",
				);
				MARKETING_VERSION = 1.0;
				PRODUCT_BUNDLE_IDENTIFIER = iOSApp.DTL;
				PRODUCT_NAME = "$(TARGET_NAME)";
				SWIFT_EMIT_LOC_STRINGS = YES;
				SWIFT_VERSION = 5.0;
				TARGETED_DEVICE_FAMILY = "1,2";
			};
			name = Debug;
		};
		A94BC76B2AF91C7D009C2D05 /* Release */ = {
			isa = XCBuildConfiguration;
			buildSettings = {
				ASSETCATALOG_COMPILER_APPICON_NAME = AppIcon;
				ASSETCATALOG_COMPILER_GLOBAL_ACCENT_COLOR_NAME = AccentColor;
				CODE_SIGN_STYLE = Automatic;
				CURRENT_PROJECT_VERSION = 1;
				DEVELOPMENT_ASSET_PATHS = "\"DTL/Preview Content\"";
				DEVELOPMENT_TEAM = 5T7N8Z9JHB;
				ENABLE_PREVIEWS = YES;
				GENERATE_INFOPLIST_FILE = YES;
				INFOPLIST_KEY_UIApplicationSceneManifest_Generation = YES;
				INFOPLIST_KEY_UIApplicationSupportsIndirectInputEvents = YES;
				INFOPLIST_KEY_UILaunchScreen_Generation = YES;
				INFOPLIST_KEY_UISupportedInterfaceOrientations_iPad = "UIInterfaceOrientationPortrait UIInterfaceOrientationPortraitUpsideDown UIInterfaceOrientationLandscapeLeft UIInterfaceOrientationLandscapeRight";
				INFOPLIST_KEY_UISupportedInterfaceOrientations_iPhone = "UIInterfaceOrientationPortrait UIInterfaceOrientationLandscapeLeft UIInterfaceOrientationLandscapeRight";
				LD_RUNPATH_SEARCH_PATHS = (
					"$(inherited)",
					"@executable_path/Frameworks",
				);
				MARKETING_VERSION = 1.0;
				PRODUCT_BUNDLE_IDENTIFIER = iOSApp.DTL;
				PRODUCT_NAME = "$(TARGET_NAME)";
				SWIFT_EMIT_LOC_STRINGS = YES;
				SWIFT_VERSION = 5.0;
				TARGETED_DEVICE_FAMILY = "1,2";
			};
			name = Release;
		};
		A94BC76D2AF91C7D009C2D05 /* Debug */ = {
			isa = XCBuildConfiguration;
			buildSettings = {
				ALWAYS_EMBED_SWIFT_STANDARD_LIBRARIES = YES;
				BUNDLE_LOADER = "$(TEST_HOST)";
				CODE_SIGN_STYLE = Automatic;
				CURRENT_PROJECT_VERSION = 1;
				DEVELOPMENT_TEAM = 5T7N8Z9JHB;
				GENERATE_INFOPLIST_FILE = YES;
				IPHONEOS_DEPLOYMENT_TARGET = 17.0;
				MARKETING_VERSION = 1.0;
				PRODUCT_BUNDLE_IDENTIFIER = iOSApp.DTLTests;
				PRODUCT_NAME = "$(TARGET_NAME)";
				SWIFT_EMIT_LOC_STRINGS = NO;
				SWIFT_VERSION = 5.0;
				TARGETED_DEVICE_FAMILY = "1,2";
				TEST_HOST = "$(BUILT_PRODUCTS_DIR)/DTL.app/$(BUNDLE_EXECUTABLE_FOLDER_PATH)/DTL";
			};
			name = Debug;
		};
		A94BC76E2AF91C7D009C2D05 /* Release */ = {
			isa = XCBuildConfiguration;
			buildSettings = {
				ALWAYS_EMBED_SWIFT_STANDARD_LIBRARIES = YES;
				BUNDLE_LOADER = "$(TEST_HOST)";
				CODE_SIGN_STYLE = Automatic;
				CURRENT_PROJECT_VERSION = 1;
				DEVELOPMENT_TEAM = 5T7N8Z9JHB;
				GENERATE_INFOPLIST_FILE = YES;
				IPHONEOS_DEPLOYMENT_TARGET = 17.0;
				MARKETING_VERSION = 1.0;
				PRODUCT_BUNDLE_IDENTIFIER = iOSApp.DTLTests;
				PRODUCT_NAME = "$(TARGET_NAME)";
				SWIFT_EMIT_LOC_STRINGS = NO;
				SWIFT_VERSION = 5.0;
				TARGETED_DEVICE_FAMILY = "1,2";
				TEST_HOST = "$(BUILT_PRODUCTS_DIR)/DTL.app/$(BUNDLE_EXECUTABLE_FOLDER_PATH)/DTL";
			};
			name = Release;
		};
		A94BC7702AF91C7D009C2D05 /* Debug */ = {
			isa = XCBuildConfiguration;
			buildSettings = {
				ALWAYS_EMBED_SWIFT_STANDARD_LIBRARIES = YES;
				CODE_SIGN_STYLE = Automatic;
				CURRENT_PROJECT_VERSION = 1;
				DEVELOPMENT_TEAM = 5T7N8Z9JHB;
				GENERATE_INFOPLIST_FILE = YES;
				MARKETING_VERSION = 1.0;
				PRODUCT_BUNDLE_IDENTIFIER = iOSApp.DTLUITests;
				PRODUCT_NAME = "$(TARGET_NAME)";
				SWIFT_EMIT_LOC_STRINGS = NO;
				SWIFT_VERSION = 5.0;
				TARGETED_DEVICE_FAMILY = "1,2";
				TEST_TARGET_NAME = DTL;
			};
			name = Debug;
		};
		A94BC7712AF91C7D009C2D05 /* Release */ = {
			isa = XCBuildConfiguration;
			buildSettings = {
				ALWAYS_EMBED_SWIFT_STANDARD_LIBRARIES = YES;
				CODE_SIGN_STYLE = Automatic;
				CURRENT_PROJECT_VERSION = 1;
				DEVELOPMENT_TEAM = 5T7N8Z9JHB;
				GENERATE_INFOPLIST_FILE = YES;
				MARKETING_VERSION = 1.0;
				PRODUCT_BUNDLE_IDENTIFIER = iOSApp.DTLUITests;
				PRODUCT_NAME = "$(TARGET_NAME)";
				SWIFT_EMIT_LOC_STRINGS = NO;
				SWIFT_VERSION = 5.0;
				TARGETED_DEVICE_FAMILY = "1,2";
				TEST_TARGET_NAME = DTL;
			};
			name = Release;
		};
/* End XCBuildConfiguration section */

/* Begin XCConfigurationList section */
		A94BC7402AF91C7B009C2D05 /* Build configuration list for PBXProject "DTL" */ = {
			isa = XCConfigurationList;
			buildConfigurations = (
				A94BC7672AF91C7D009C2D05 /* Debug */,
				A94BC7682AF91C7D009C2D05 /* Release */,
			);
			defaultConfigurationIsVisible = 0;
			defaultConfigurationName = Release;
		};
		A94BC7692AF91C7D009C2D05 /* Build configuration list for PBXNativeTarget "DTL" */ = {
			isa = XCConfigurationList;
			buildConfigurations = (
				A94BC76A2AF91C7D009C2D05 /* Debug */,
				A94BC76B2AF91C7D009C2D05 /* Release */,
			);
			defaultConfigurationIsVisible = 0;
			defaultConfigurationName = Release;
		};
		A94BC76C2AF91C7D009C2D05 /* Build configuration list for PBXNativeTarget "DTLTests" */ = {
			isa = XCConfigurationList;
			buildConfigurations = (
				A94BC76D2AF91C7D009C2D05 /* Debug */,
				A94BC76E2AF91C7D009C2D05 /* Release */,
			);
			defaultConfigurationIsVisible = 0;
			defaultConfigurationName = Release;
		};
		A94BC76F2AF91C7D009C2D05 /* Build configuration list for PBXNativeTarget "DTLUITests" */ = {
			isa = XCConfigurationList;
			buildConfigurations = (
				A94BC7702AF91C7D009C2D05 /* Debug */,
				A94BC7712AF91C7D009C2D05 /* Release */,
			);
			defaultConfigurationIsVisible = 0;
			defaultConfigurationName = Release;
		};
/* End XCConfigurationList section */
	};
	rootObject = A94BC73D2AF91C7B009C2D05 /* Project object */;
}
